{
  "requires": true,
  "lockfileVersion": 1,
  "dependencies": {
    "convertapi-js": {
      "version": "1.0.6",
      "resolved": "https://registry.npmjs.org/convertapi-js/-/convertapi-js-1.0.6.tgz",
      "integrity": "sha512-kLRlf1E9mY8J7cmsIi03jwtadN6fNPLYwFOIA1Eam3+AXptYs/lD1EB48aAUhW3tyJ8D8yhFfCokwSQe13J7eQ=="
    },
    "fs": {
      "version": "0.0.1-security",
      "resolved": "https://registry.npmjs.org/fs/-/fs-0.0.1-security.tgz",
      "integrity": "sha1-invTcYa23d84E/I4WLV+yq9eQdQ="
    }
  }
}
